
Microsoft Visual Studio Solution File, Format Version 12.00
# Visual Studio 15
VisualStudioVersion = 15.0.27130.2027
MinimumVisualStudioVersion = 10.0.40219.1
Project("{FAE04EC0-301F-11D3-BF4B-00C04F79EFBC}") = "WindowsFormsApp2", "WindowsFormsApp2\WindowsFormsApp2.csproj", "{B99AD555-F6F1-4BB9-B17E-4B4518785A4B}"
EndProject
Global
	GlobalSection(SolutionConfigurationPlatforms) = preSolution
		Debug|Any CPU = Debug|Any CPU
		Release|Any CPU = Release|Any CPU
	EndGlobalSection
	GlobalSection(ProjectConfigurationPlatforms) = postSolution
		{B99AD555-F6F1-4BB9-B17E-4B4518785A4B}.Debug|Any CPU.ActiveCfg = Debug|Any CPU
		{B99AD555-F6F1-4BB9-B17E-4B4518785A4B}.Debug|Any CPU.Build.0 = Debug|Any CPU
		{B99AD555-F6F1-4BB9-B17E-4B4518785A4B}.Release|Any CPU.ActiveCfg = Release|Any CPU
		{B99AD555-F6F1-4BB9-B17E-4B4518785A4B}.Release|Any CPU.Build.0 = Release|Any CPU
	EndGlobalSection
	GlobalSection(SolutionProperties) = preSolution
		HideSolutionNode = FALSE
	EndGlobalSection
	GlobalSection(ExtensibilityGlobals) = postSolution
		SolutionGuid = {B9D3A6AB-8FB5-4058-B3AA-8FDB9464F5D6}
	EndGlobalSection
EndGlobal
